
Microsoft Visual Studio Solution File, Format Version 12.00
# Visual Studio Version 16
VisualStudioVersion = 16.0.31129.286
MinimumVisualStudioVersion = 10.0.40219.1
Project("{FAE04EC0-301F-11D3-BF4B-00C04F79EFBC}") = "NunitAutomatedTest_GoogleComSearch", "NunitAutomatedTest_GoogleComSearch\NunitAutomatedTest_GoogleComSearch.csproj", "{9466519B-0E3D-4D8D-9AD1-26C720240D5D}"
EndProject
Global
	GlobalSection(SolutionConfigurationPlatforms) = preSolution
		Debug|Any CPU = Debug|Any CPU
		Release|Any CPU = Release|Any CPU
	EndGlobalSection
	GlobalSection(ProjectConfigurationPlatforms) = postSolution
		{9466519B-0E3D-4D8D-9AD1-26C720240D5D}.Debug|Any CPU.ActiveCfg = Debug|Any CPU
		{9466519B-0E3D-4D8D-9AD1-26C720240D5D}.Debug|Any CPU.Build.0 = Debug|Any CPU
		{9466519B-0E3D-4D8D-9AD1-26C720240D5D}.Release|Any CPU.ActiveCfg = Release|Any CPU
		{9466519B-0E3D-4D8D-9AD1-26C720240D5D}.Release|Any CPU.Build.0 = Release|Any CPU
	EndGlobalSection
	GlobalSection(SolutionProperties) = preSolution
		HideSolutionNode = FALSE
	EndGlobalSection
	GlobalSection(ExtensibilityGlobals) = postSolution
		SolutionGuid = {5104A528-F73D-4ADF-BF73-60D408797F76}
	EndGlobalSection
EndGlobal
